
Microsoft Visual Studio Solution File, Format Version 12.00
# Visual Studio Version 16
VisualStudioVersion = 16.0.31911.196
MinimumVisualStudioVersion = 10.0.40219.1
Project("{8BC9CEB8-8B4A-11D0-8D11-00A0C91BC942}") = "ii15", "ii14.vcxproj", "{4A2ECDC8-8150-4B95-9F51-913D68023681}"
EndProject
Project("{8BC9CEB8-8B4A-11D0-8D11-00A0C91BC942}") = "ii13", "..\ii13\ii13.vcxproj", "{F1901435-CE38-4A33-B81C-A8A3E6AA0E4B}"
EndProject
Project("{8BC9CEB8-8B4A-11D0-8D11-00A0C91BC942}") = "ii8", "..\ii8\ii8.vcxproj", "{F4F5674A-CFC5-4BE8-B51E-FDECEE09230A}"
EndProject
Project("{8BC9CEB8-8B4A-11D0-8D11-00A0C91BC942}") = "ii12", "..\ii12\ii12.vcxproj", "{9B6672FB-5D2D-4DBF-A477-AD75CFA1BC0D}"
EndProject
Project("{8BC9CEB8-8B4A-11D0-8D11-00A0C91BC942}") = "ii6", "..\ii6\ii6.vcxproj", "{B8FD7A7A-5339-412D-BD8B-EFF71080CA68}"
EndProject
Project("{8BC9CEB8-8B4A-11D0-8D11-00A0C91BC942}") = "ii 2", "..\ii 2\ii 2.vcxproj", "{2CE15AE3-B668-4772-8178-26495D72062E}"
EndProject
Project("{8BC9CEB8-8B4A-11D0-8D11-00A0C91BC942}") = "ii 1", "..\ii 1\ii 1.vcxproj", "{27FD2D06-37D7-4167-93FE-6EAB26F2820C}"
EndProject
Project("{8BC9CEB8-8B4A-11D0-8D11-00A0C91BC942}") = "ii 0", "..\ii 0\ii 0.vcxproj", "{1B439CA9-5AFD-4DB6-915D-2271AECDA41E}"
EndProject
Global
	GlobalSection(SolutionConfigurationPlatforms) = preSolution
		Debug|x64 = Debug|x64
		Debug|x86 = Debug|x86
		Release|x64 = Release|x64
		Release|x86 = Release|x86
	EndGlobalSection
	GlobalSection(ProjectConfigurationPlatforms) = postSolution
		{4A2ECDC8-8150-4B95-9F51-913D68023681}.Debug|x64.ActiveCfg = Debug|x64
		{4A2ECDC8-8150-4B95-9F51-913D68023681}.Debug|x64.Build.0 = Debug|x64
		{4A2ECDC8-8150-4B95-9F51-913D68023681}.Debug|x86.ActiveCfg = Debug|Win32
		{4A2ECDC8-8150-4B95-9F51-913D68023681}.Debug|x86.Build.0 = Debug|Win32
		{4A2ECDC8-8150-4B95-9F51-913D68023681}.Release|x64.ActiveCfg = Release|x64
		{4A2ECDC8-8150-4B95-9F51-913D68023681}.Release|x64.Build.0 = Release|x64
		{4A2ECDC8-8150-4B95-9F51-913D68023681}.Release|x86.ActiveCfg = Release|Win32
		{4A2ECDC8-8150-4B95-9F51-913D68023681}.Release|x86.Build.0 = Release|Win32
		{F1901435-CE38-4A33-B81C-A8A3E6AA0E4B}.Debug|x64.ActiveCfg = Debug|x64
		{F1901435-CE38-4A33-B81C-A8A3E6AA0E4B}.Debug|x64.Build.0 = Debug|x64
		{F1901435-CE38-4A33-B81C-A8A3E6AA0E4B}.Debug|x86.ActiveCfg = Debug|Win32
		{F1901435-CE38-4A33-B81C-A8A3E6AA0E4B}.Debug|x86.Build.0 = Debug|Win32
		{F1901435-CE38-4A33-B81C-A8A3E6AA0E4B}.Release|x64.ActiveCfg = Release|x64
		{F1901435-CE38-4A33-B81C-A8A3E6AA0E4B}.Release|x64.Build.0 = Release|x64
		{F1901435-CE38-4A33-B81C-A8A3E6AA0E4B}.Release|x86.ActiveCfg = Release|Win32
		{F1901435-CE38-4A33-B81C-A8A3E6AA0E4B}.Release|x86.Build.0 = Release|Win32
		{F4F5674A-CFC5-4BE8-B51E-FDECEE09230A}.Debug|x64.ActiveCfg = Debug|x64
		{F4F5674A-CFC5-4BE8-B51E-FDECEE09230A}.Debug|x64.Build.0 = Debug|x64
		{F4F5674A-CFC5-4BE8-B51E-FDECEE09230A}.Debug|x86.ActiveCfg = Debug|Win32
		{F4F5674A-CFC5-4BE8-B51E-FDECEE09230A}.Debug|x86.Build.0 = Debug|Win32
		{F4F5674A-CFC5-4BE8-B51E-FDECEE09230A}.Release|x64.ActiveCfg = Release|x64
		{F4F5674A-CFC5-4BE8-B51E-FDECEE09230A}.Release|x64.Build.0 = Release|x64
		{F4F5674A-CFC5-4BE8-B51E-FDECEE09230A}.Release|x86.ActiveCfg = Release|Win32
		{F4F5674A-CFC5-4BE8-B51E-FDECEE09230A}.Release|x86.Build.0 = Release|Win32
		{9B6672FB-5D2D-4DBF-A477-AD75CFA1BC0D}.Debug|x64.ActiveCfg = Debug|x64
		{9B6672FB-5D2D-4DBF-A477-AD75CFA1BC0D}.Debug|x64.Build.0 = Debug|x64
		{9B6672FB-5D2D-4DBF-A477-AD75CFA1BC0D}.Debug|x86.ActiveCfg = Debug|Win32
		{9B6672FB-5D2D-4DBF-A477-AD75CFA1BC0D}.Debug|x86.Build.0 = Debug|Win32
		{9B6672FB-5D2D-4DBF-A477-AD75CFA1BC0D}.Release|x64.ActiveCfg = Release|x64
		{9B6672FB-5D2D-4DBF-A477-AD75CFA1BC0D}.Release|x64.Build.0 = Release|x64
		{9B6672FB-5D2D-4DBF-A477-AD75CFA1BC0D}.Release|x86.ActiveCfg = Release|Win32
		{9B6672FB-5D2D-4DBF-A477-AD75CFA1BC0D}.Release|x86.Build.0 = Release|Win32
		{B8FD7A7A-5339-412D-BD8B-EFF71080CA68}.Debug|x64.ActiveCfg = Debug|x64
		{B8FD7A7A-5339-412D-BD8B-EFF71080CA68}.Debug|x64.Build.0 = Debug|x64
		{B8FD7A7A-5339-412D-BD8B-EFF71080CA68}.Debug|x86.ActiveCfg = Debug|Win32
		{B8FD7A7A-5339-412D-BD8B-EFF71080CA68}.Debug|x86.Build.0 = Debug|Win32
		{B8FD7A7A-5339-412D-BD8B-EFF71080CA68}.Release|x64.ActiveCfg = Release|x64
		{B8FD7A7A-5339-412D-BD8B-EFF71080CA68}.Release|x64.Build.0 = Release|x64
		{B8FD7A7A-5339-412D-BD8B-EFF71080CA68}.Release|x86.ActiveCfg = Release|Win32
		{B8FD7A7A-5339-412D-BD8B-EFF71080CA68}.Release|x86.Build.0 = Release|Win32
		{2CE15AE3-B668-4772-8178-26495D72062E}.Debug|x64.ActiveCfg = Debug|x64
		{2CE15AE3-B668-4772-8178-26495D72062E}.Debug|x64.Build.0 = Debug|x64
		{2CE15AE3-B668-4772-8178-26495D72062E}.Debug|x86.ActiveCfg = Debug|Win32
		{2CE15AE3-B668-4772-8178-26495D72062E}.Debug|x86.Build.0 = Debug|Win32
		{2CE15AE3-B668-4772-8178-26495D72062E}.Release|x64.ActiveCfg = Release|x64
		{2CE15AE3-B668-4772-8178-26495D72062E}.Release|x64.Build.0 = Release|x64
		{2CE15AE3-B668-4772-8178-26495D72062E}.Release|x86.ActiveCfg = Release|Win32
		{2CE15AE3-B668-4772-8178-26495D72062E}.Release|x86.Build.0 = Release|Win32
		{27FD2D06-37D7-4167-93FE-6EAB26F2820C}.Debug|x64.ActiveCfg = Debug|x64
		{27FD2D06-37D7-4167-93FE-6EAB26F2820C}.Debug|x64.Build.0 = Debug|x64
		{27FD2D06-37D7-4167-93FE-6EAB26F2820C}.Debug|x86.ActiveCfg = Debug|Win32
		{27FD2D06-37D7-4167-93FE-6EAB26F2820C}.Debug|x86.Build.0 = Debug|Win32
		{27FD2D06-37D7-4167-93FE-6EAB26F2820C}.Release|x64.ActiveCfg = Release|x64
		{27FD2D06-37D7-4167-93FE-6EAB26F2820C}.Release|x64.Build.0 = Release|x64
		{27FD2D06-37D7-4167-93FE-6EAB26F2820C}.Release|x86.ActiveCfg = Release|Win32
		{27FD2D06-37D7-4167-93FE-6EAB26F2820C}.Release|x86.Build.0 = Release|Win32
		{1B439CA9-5AFD-4DB6-915D-2271AECDA41E}.Debug|x64.ActiveCfg = Debug|x64
		{1B439CA9-5AFD-4DB6-915D-2271AECDA41E}.Debug|x64.Build.0 = Debug|x64
		{1B439CA9-5AFD-4DB6-915D-2271AECDA41E}.Debug|x86.ActiveCfg = Debug|Win32
		{1B439CA9-5AFD-4DB6-915D-2271AECDA41E}.Debug|x86.Build.0 = Debug|Win32
		{1B439CA9-5AFD-4DB6-915D-2271AECDA41E}.Release|x64.ActiveCfg = Release|x64
		{1B439CA9-5AFD-4DB6-915D-2271AECDA41E}.Release|x64.Build.0 = Release|x64
		{1B439CA9-5AFD-4DB6-915D-2271AECDA41E}.Release|x86.ActiveCfg = Release|Win32
		{1B439CA9-5AFD-4DB6-915D-2271AECDA41E}.Release|x86.Build.0 = Release|Win32
	EndGlobalSection
	GlobalSection(SolutionProperties) = preSolution
		HideSolutionNode = FALSE
	EndGlobalSection
	GlobalSection(ExtensibilityGlobals) = postSolution
		SolutionGuid = {73EE87D7-060B-4C30-8487-093E58F9D5BE}
	EndGlobalSection
EndGlobal
